
Microsoft Visual Studio Solution File, Format Version 12.00
# Visual Studio Version 17
VisualStudioVersion = 17.10.35004.147
MinimumVisualStudioVersion = 10.0.40219.1
Project("{9A19103F-16F7-4668-BE54-9A1E7A4F7556}") = "Core", "Core\Core.csproj", "{D9AD808E-75AE-407B-9135-BAF971128E6A}"
EndProject
Project("{9A19103F-16F7-4668-BE54-9A1E7A4F7556}") = "DataAccess", "DataAccess\DataAccess.csproj", "{8A840E15-B0FB-43EE-BB63-8637BED00198}"
EndProject
Project("{9A19103F-16F7-4668-BE54-9A1E7A4F7556}") = "WebApp", "WebApp\WebApp.csproj", "{0E8DB770-2855-4466-95F1-2348DE3FBA48}"
EndProject
Global
	GlobalSection(SolutionConfigurationPlatforms) = preSolution
		Debug|Any CPU = Debug|Any CPU
		Release|Any CPU = Release|Any CPU
	EndGlobalSection
	GlobalSection(ProjectConfigurationPlatforms) = postSolution
		{D9AD808E-75AE-407B-9135-BAF971128E6A}.Debug|Any CPU.ActiveCfg = Debug|Any CPU
		{D9AD808E-75AE-407B-9135-BAF971128E6A}.Debug|Any CPU.Build.0 = Debug|Any CPU
		{D9AD808E-75AE-407B-9135-BAF971128E6A}.Release|Any CPU.ActiveCfg = Release|Any CPU
		{D9AD808E-75AE-407B-9135-BAF971128E6A}.Release|Any CPU.Build.0 = Release|Any CPU
		{8A840E15-B0FB-43EE-BB63-8637BED00198}.Debug|Any CPU.ActiveCfg = Debug|Any CPU
		{8A840E15-B0FB-43EE-BB63-8637BED00198}.Debug|Any CPU.Build.0 = Debug|Any CPU
		{8A840E15-B0FB-43EE-BB63-8637BED00198}.Release|Any CPU.ActiveCfg = Release|Any CPU
		{8A840E15-B0FB-43EE-BB63-8637BED00198}.Release|Any CPU.Build.0 = Release|Any CPU
		{0E8DB770-2855-4466-95F1-2348DE3FBA48}.Debug|Any CPU.ActiveCfg = Debug|Any CPU
		{0E8DB770-2855-4466-95F1-2348DE3FBA48}.Debug|Any CPU.Build.0 = Debug|Any CPU
		{0E8DB770-2855-4466-95F1-2348DE3FBA48}.Release|Any CPU.ActiveCfg = Release|Any CPU
		{0E8DB770-2855-4466-95F1-2348DE3FBA48}.Release|Any CPU.Build.0 = Release|Any CPU
	EndGlobalSection
	GlobalSection(SolutionProperties) = preSolution
		HideSolutionNode = FALSE
	EndGlobalSection
	GlobalSection(ExtensibilityGlobals) = postSolution
		SolutionGuid = {19AF6AEE-640E-471A-86E9-EA33997457A7}
	EndGlobalSection
EndGlobal
